
Microsoft Visual Studio Solution File, Format Version 12.00
# Visual Studio Version 17
VisualStudioVersion = 17.7.34221.43
MinimumVisualStudioVersion = 10.0.40219.1
Project("{FAE04EC0-301F-11D3-BF4B-00C04F79EFBC}") = "HourOne", "HourOne\HourOne.csproj", "{A3DACCD4-809C-4AB6-9B88-B4C5261CD5FC}"
EndProject
Global
	GlobalSection(SolutionConfigurationPlatforms) = preSolution
		Debug|Any CPU = Debug|Any CPU
		Release|Any CPU = Release|Any CPU
	EndGlobalSection
	GlobalSection(ProjectConfigurationPlatforms) = postSolution
		{A3DACCD4-809C-4AB6-9B88-B4C5261CD5FC}.Debug|Any CPU.ActiveCfg = Debug|Any CPU
		{A3DACCD4-809C-4AB6-9B88-B4C5261CD5FC}.Debug|Any CPU.Build.0 = Debug|Any CPU
		{A3DACCD4-809C-4AB6-9B88-B4C5261CD5FC}.Release|Any CPU.ActiveCfg = Release|Any CPU
		{A3DACCD4-809C-4AB6-9B88-B4C5261CD5FC}.Release|Any CPU.Build.0 = Release|Any CPU
	EndGlobalSection
	GlobalSection(SolutionProperties) = preSolution
		HideSolutionNode = FALSE
	EndGlobalSection
	GlobalSection(ExtensibilityGlobals) = postSolution
		SolutionGuid = {FC62CC08-860B-45C9-9F9A-E6F833BF952F}
	EndGlobalSection
EndGlobal
